
Microsoft Visual Studio Solution File, Format Version 12.00
# Visual Studio Version 16
VisualStudioVersion = 16.0.33801.447
MinimumVisualStudioVersion = 10.0.40219.1
Project("{FAE04EC0-301F-11D3-BF4B-00C04F79EFBC}") = "Aula_14_09_2023", "Aula_14_09_2023\Aula_14_09_2023.csproj", "{CA13A7D7-D522-4539-BFF8-DA89E77D6EC6}"
EndProject
Global
	GlobalSection(SolutionConfigurationPlatforms) = preSolution
		Debug|Any CPU = Debug|Any CPU
		Release|Any CPU = Release|Any CPU
	EndGlobalSection
	GlobalSection(ProjectConfigurationPlatforms) = postSolution
		{CA13A7D7-D522-4539-BFF8-DA89E77D6EC6}.Debug|Any CPU.ActiveCfg = Debug|Any CPU
		{CA13A7D7-D522-4539-BFF8-DA89E77D6EC6}.Debug|Any CPU.Build.0 = Debug|Any CPU
		{CA13A7D7-D522-4539-BFF8-DA89E77D6EC6}.Release|Any CPU.ActiveCfg = Release|Any CPU
		{CA13A7D7-D522-4539-BFF8-DA89E77D6EC6}.Release|Any CPU.Build.0 = Release|Any CPU
	EndGlobalSection
	GlobalSection(SolutionProperties) = preSolution
		HideSolutionNode = FALSE
	EndGlobalSection
	GlobalSection(ExtensibilityGlobals) = postSolution
		SolutionGuid = {D0508A90-0055-41F9-81DC-650A2BB26D06}
	EndGlobalSection
EndGlobal
